
Microsoft Visual Studio Solution File, Format Version 12.00
# Visual Studio Version 17
VisualStudioVersion = 17.11.35327.3
MinimumVisualStudioVersion = 10.0.40219.1
Project("{9A19103F-16F7-4668-BE54-9A1E7A4F7556}") = "FaleMais.Api", "FaleMais.Api\FaleMais.Api.csproj", "{D7A40FC6-28CD-4FDD-A54D-8115CCB9AAA7}"
EndProject
Project("{9A19103F-16F7-4668-BE54-9A1E7A4F7556}") = "FaleMaisApplication", "FaleMaisApplication\FaleMaisApplication.csproj", "{BE73165C-86A5-49B8-B97E-82CE78400A61}"
EndProject
Project("{9A19103F-16F7-4668-BE54-9A1E7A4F7556}") = "FaleMais.Domain", "FaleMais.Domain\FaleMais.Domain.csproj", "{43AFBE0F-3EB5-43A0-82A3-851F12FE7D10}"
EndProject
Project("{9A19103F-16F7-4668-BE54-9A1E7A4F7556}") = "FaleMais.Infrastructure", "FaleMais.Infrastructure\FaleMais.Infrastructure.csproj", "{10A5D2DB-D57D-42AD-82B4-0DA5993CA1BC}"
EndProject
Project("{9A19103F-16F7-4668-BE54-9A1E7A4F7556}") = "FaleMais.Tests", "FaleMais.Tests\FaleMais.Tests.csproj", "{3B9E26D3-851C-400F-B5A7-92A514D9F4E6}"
EndProject
Global
	GlobalSection(SolutionConfigurationPlatforms) = preSolution
		Debug|Any CPU = Debug|Any CPU
		Release|Any CPU = Release|Any CPU
	EndGlobalSection
	GlobalSection(ProjectConfigurationPlatforms) = postSolution
		{D7A40FC6-28CD-4FDD-A54D-8115CCB9AAA7}.Debug|Any CPU.ActiveCfg = Debug|Any CPU
		{D7A40FC6-28CD-4FDD-A54D-8115CCB9AAA7}.Debug|Any CPU.Build.0 = Debug|Any CPU
		{D7A40FC6-28CD-4FDD-A54D-8115CCB9AAA7}.Release|Any CPU.ActiveCfg = Release|Any CPU
		{D7A40FC6-28CD-4FDD-A54D-8115CCB9AAA7}.Release|Any CPU.Build.0 = Release|Any CPU
		{BE73165C-86A5-49B8-B97E-82CE78400A61}.Debug|Any CPU.ActiveCfg = Debug|Any CPU
		{BE73165C-86A5-49B8-B97E-82CE78400A61}.Debug|Any CPU.Build.0 = Debug|Any CPU
		{BE73165C-86A5-49B8-B97E-82CE78400A61}.Release|Any CPU.ActiveCfg = Release|Any CPU
		{BE73165C-86A5-49B8-B97E-82CE78400A61}.Release|Any CPU.Build.0 = Release|Any CPU
		{43AFBE0F-3EB5-43A0-82A3-851F12FE7D10}.Debug|Any CPU.ActiveCfg = Debug|Any CPU
		{43AFBE0F-3EB5-43A0-82A3-851F12FE7D10}.Debug|Any CPU.Build.0 = Debug|Any CPU
		{43AFBE0F-3EB5-43A0-82A3-851F12FE7D10}.Release|Any CPU.ActiveCfg = Release|Any CPU
		{43AFBE0F-3EB5-43A0-82A3-851F12FE7D10}.Release|Any CPU.Build.0 = Release|Any CPU
		{10A5D2DB-D57D-42AD-82B4-0DA5993CA1BC}.Debug|Any CPU.ActiveCfg = Debug|Any CPU
		{10A5D2DB-D57D-42AD-82B4-0DA5993CA1BC}.Debug|Any CPU.Build.0 = Debug|Any CPU
		{10A5D2DB-D57D-42AD-82B4-0DA5993CA1BC}.Release|Any CPU.ActiveCfg = Release|Any CPU
		{10A5D2DB-D57D-42AD-82B4-0DA5993CA1BC}.Release|Any CPU.Build.0 = Release|Any CPU
		{3B9E26D3-851C-400F-B5A7-92A514D9F4E6}.Debug|Any CPU.ActiveCfg = Debug|Any CPU
		{3B9E26D3-851C-400F-B5A7-92A514D9F4E6}.Debug|Any CPU.Build.0 = Debug|Any CPU
		{3B9E26D3-851C-400F-B5A7-92A514D9F4E6}.Release|Any CPU.ActiveCfg = Release|Any CPU
		{3B9E26D3-851C-400F-B5A7-92A514D9F4E6}.Release|Any CPU.Build.0 = Release|Any CPU
	EndGlobalSection
	GlobalSection(SolutionProperties) = preSolution
		HideSolutionNode = FALSE
	EndGlobalSection
	GlobalSection(ExtensibilityGlobals) = postSolution
		SolutionGuid = {235E21D9-A778-47E3-BF21-7FFE4104F74E}
	EndGlobalSection
EndGlobal
